// !$*UTF8*$!
{
	archiveVersion = 1;
	classes = {
	};
	objectVersion = 55;
	objects = {

/* Begin PBXBuildFile section */
		A16FF35D2781747500B80CEC /* Preview Assets.xcassets in Resources */ = {isa = PBXBuildFile; fileRef = A16FF35C2781747500B80CEC /* Preview Assets.xcassets */; };
		A17E640F276F087B007917FF /* Johanna.swift in Sources */ = {isa = PBXBuildFile; fileRef = A17E640E276F087B007917FF /* Johanna.swift */; };
		A17E6417276F0959007917FF /* Assets.xcassets in Resources */ = {isa = PBXBuildFile; fileRef = A17E6416276F0959007917FF /* Assets.xcassets */; };
		A17E6447276F0980007917FF /* FeatureCard.swift in Sources */ = {isa = PBXBuildFile; fileRef = A17E641F276F0980007917FF /* FeatureCard.swift */; };
		A17E6448276F0980007917FF /* PageControl.swift in Sources */ = {isa = PBXBuildFile; fileRef = A17E6420276F0980007917FF /* PageControl.swift */; };
		A17E6449276F0980007917FF /* PageViewController.swift in Sources */ = {isa = PBXBuildFile; fileRef = A17E6421276F0980007917FF /* PageViewController.swift */; };
		A17E644A276F0980007917FF /* PageView.swift in Sources */ = {isa = PBXBuildFile; fileRef = A17E6422276F0980007917FF /* PageView.swift */; };
		A17E644B276F0980007917FF /* PostList.swift in Sources */ = {isa = PBXBuildFile; fileRef = A17E6424276F0980007917FF /* PostList.swift */; };
		A17E644C276F0980007917FF /* PostDetail.swift in Sources */ = {isa = PBXBuildFile; fileRef = A17E6425276F0980007917FF /* PostDetail.swift */; };
		A17E644D276F0980007917FF /* PostRow.swift in Sources */ = {isa = PBXBuildFile; fileRef = A17E6426276F0980007917FF /* PostRow.swift */; };
		A17E6452276F0980007917FF /* CategoryItem.swift in Sources */ = {isa = PBXBuildFile; fileRef = A17E642D276F0980007917FF /* CategoryItem.swift */; };
		A17E6453276F0980007917FF /* CategoryHome.swift in Sources */ = {isa = PBXBuildFile; fileRef = A17E642E276F0980007917FF /* CategoryHome.swift */; };
		A17E6454276F0980007917FF /* CategoryRow.swift in Sources */ = {isa = PBXBuildFile; fileRef = A17E642F276F0980007917FF /* CategoryRow.swift */; };
		A17E6455276F0980007917FF /* ContentView.swift in Sources */ = {isa = PBXBuildFile; fileRef = A17E6430276F0980007917FF /* ContentView.swift */; };
		A17E6456276F0980007917FF /* MapView.swift in Sources */ = {isa = PBXBuildFile; fileRef = A17E6432276F0980007917FF /* MapView.swift */; };
		A17E6457276F0980007917FF /* CircleImage.swift in Sources */ = {isa = PBXBuildFile; fileRef = A17E6433276F0980007917FF /* CircleImage.swift */; };
		A17E6458276F0980007917FF /* FavoriteButton.swift in Sources */ = {isa = PBXBuildFile; fileRef = A17E6434276F0980007917FF /* FavoriteButton.swift */; };
		A17E6460276F0980007917FF /* ModelData.swift in Sources */ = {isa = PBXBuildFile; fileRef = A17E643E276F0980007917FF /* ModelData.swift */; };
		A17E6461276F0980007917FF /* Post.swift in Sources */ = {isa = PBXBuildFile; fileRef = A17E643F276F0980007917FF /* Post.swift */; };
		A17E6494276F1AFD007917FF /* Assets.xcassets in Resources */ = {isa = PBXBuildFile; fileRef = A17E6493276F1AFD007917FF /* Assets.xcassets */; };
		A17E649A276F1AFD007917FF /* watchOS WatchKit Extension.appex in Embed App Extensions */ = {isa = PBXBuildFile; fileRef = A17E6499276F1AFD007917FF /* watchOS WatchKit Extension.appex */; settings = {ATTRIBUTES = (RemoveHeadersOnCopy, ); }; };
		A17E64A1276F1AFD007917FF /* ContentView.swift in Sources */ = {isa = PBXBuildFile; fileRef = A17E64A0276F1AFD007917FF /* ContentView.swift */; };
		A17E64A3276F1AFD007917FF /* NotificationController.swift in Sources */ = {isa = PBXBuildFile; fileRef = A17E64A2276F1AFD007917FF /* NotificationController.swift */; };
		A17E64A5276F1AFD007917FF /* NotificationView.swift in Sources */ = {isa = PBXBuildFile; fileRef = A17E64A4276F1AFD007917FF /* NotificationView.swift */; };
		A17E64A7276F1AFD007917FF /* ComplicationController.swift in Sources */ = {isa = PBXBuildFile; fileRef = A17E64A6276F1AFD007917FF /* ComplicationController.swift */; };
		A17E64A9276F1AFE007917FF /* Assets.xcassets in Resources */ = {isa = PBXBuildFile; fileRef = A17E64A8276F1AFE007917FF /* Assets.xcassets */; };
		A17E64AC276F1AFE007917FF /* Preview Assets.xcassets in Resources */ = {isa = PBXBuildFile; fileRef = A17E64AB276F1AFE007917FF /* Preview Assets.xcassets */; };
		A17E64B1276F1AFE007917FF /* Johanna.app in Embed Watch Content */ = {isa = PBXBuildFile; fileRef = A17E6491276F1AFC007917FF /* Johanna.app */; settings = {ATTRIBUTES = (RemoveHeadersOnCopy, ); }; };
		A17E64BC276F1BC9007917FF /* Post.swift in Sources */ = {isa = PBXBuildFile; fileRef = A17E643F276F0980007917FF /* Post.swift */; };
		A17E64BF276F1BC9007917FF /* ModelData.swift in Sources */ = {isa = PBXBuildFile; fileRef = A17E643E276F0980007917FF /* ModelData.swift */; };
		A17E64C0276F1BC9007917FF /* Johanna.swift in Sources */ = {isa = PBXBuildFile; fileRef = A17E640E276F087B007917FF /* Johanna.swift */; };
		A17E64C1276F1BC9007917FF /* MapView.swift in Sources */ = {isa = PBXBuildFile; fileRef = A17E6432276F0980007917FF /* MapView.swift */; };
		A17E64C2276F1BC9007917FF /* PostRow.swift in Sources */ = {isa = PBXBuildFile; fileRef = A17E6426276F0980007917FF /* PostRow.swift */; };
		A17E64C3276F1BC9007917FF /* CircleImage.swift in Sources */ = {isa = PBXBuildFile; fileRef = A17E6433276F0980007917FF /* CircleImage.swift */; };
		A17E64C4276F1BC9007917FF /* Assets.xcassets in Resources */ = {isa = PBXBuildFile; fileRef = A17E6416276F0959007917FF /* Assets.xcassets */; };
		A17E64C7276F1C33007917FF /* PostDetail.swift in Sources */ = {isa = PBXBuildFile; fileRef = A17E64C6276F1C33007917FF /* PostDetail.swift */; };
		A17E64D127704E48007917FF /* ContentView.swift in Sources */ = {isa = PBXBuildFile; fileRef = A17E64D027704E48007917FF /* ContentView.swift */; };
		A17E64D327704E49007917FF /* Assets.xcassets in Resources */ = {isa = PBXBuildFile; fileRef = A17E64D227704E49007917FF /* Assets.xcassets */; };
		A17E64D627704E49007917FF /* Preview Assets.xcassets in Resources */ = {isa = PBXBuildFile; fileRef = A17E64D527704E49007917FF /* Preview Assets.xcassets */; };
		A17E64DB27704EBD007917FF /* Johanna.swift in Sources */ = {isa = PBXBuildFile; fileRef = A17E640E276F087B007917FF /* Johanna.swift */; };
		A17E64DC27704EF1007917FF /* PostRow.swift in Sources */ = {isa = PBXBuildFile; fileRef = A17E6426276F0980007917FF /* PostRow.swift */; };
		A17E64DD27704EF1007917FF /* CircleImage.swift in Sources */ = {isa = PBXBuildFile; fileRef = A17E6433276F0980007917FF /* CircleImage.swift */; };
		A17E64DE27704EF1007917FF /* PostList.swift in Sources */ = {isa = PBXBuildFile; fileRef = A17E6424276F0980007917FF /* PostList.swift */; };
		A17E64DF27704EF1007917FF /* MapView.swift in Sources */ = {isa = PBXBuildFile; fileRef = A17E6432276F0980007917FF /* MapView.swift */; };
		A17E64E027704EF1007917FF /* FavoriteButton.swift in Sources */ = {isa = PBXBuildFile; fileRef = A17E6434276F0980007917FF /* FavoriteButton.swift */; };
		A17E64E127704F07007917FF /* ModelData.swift in Sources */ = {isa = PBXBuildFile; fileRef = A17E643E276F0980007917FF /* ModelData.swift */; };
		A17E64E527704F07007917FF /* Assets.xcassets in Resources */ = {isa = PBXBuildFile; fileRef = A17E6416276F0959007917FF /* Assets.xcassets */; };
		A17E64E727704F07007917FF /* Post.swift in Sources */ = {isa = PBXBuildFile; fileRef = A17E643F276F0980007917FF /* Post.swift */; };
		A17E64E927704F7A007917FF /* PostDetail.swift in Sources */ = {isa = PBXBuildFile; fileRef = A17E64E827704F7A007917FF /* PostDetail.swift */; };
		A17E64EB277051BA007917FF /* PostList.swift in Sources */ = {isa = PBXBuildFile; fileRef = A17E64EA277051BA007917FF /* PostList.swift */; };
		A17E64ED277055F8007917FF /* JohannaCommands.swift in Sources */ = {isa = PBXBuildFile; fileRef = A17E64EC277055F8007917FF /* JohannaCommands.swift */; };
		A17E64EE277055F8007917FF /* JohannaCommands.swift in Sources */ = {isa = PBXBuildFile; fileRef = A17E64EC277055F8007917FF /* JohannaCommands.swift */; };
		A17E64F0277058F0007917FF /* JohannaSettings.swift in Sources */ = {isa = PBXBuildFile; fileRef = A17E64EF277058F0007917FF /* JohannaSettings.swift */; };
		A17E64FA2770607B007917FF /* ContentView.swift in Sources */ = {isa = PBXBuildFile; fileRef = A17E64F92770607B007917FF /* ContentView.swift */; };
		A17E64FC2770607D007917FF /* Assets.xcassets in Resources */ = {isa = PBXBuildFile; fileRef = A17E64FB2770607D007917FF /* Assets.xcassets */; };
		A17E64FF2770607D007917FF /* Preview Assets.xcassets in Resources */ = {isa = PBXBuildFile; fileRef = A17E64FE2770607D007917FF /* Preview Assets.xcassets */; };
		A17E650527706178007917FF /* ModelData.swift in Sources */ = {isa = PBXBuildFile; fileRef = A17E643E276F0980007917FF /* ModelData.swift */; };
		A17E650727706178007917FF /* Johanna.swift in Sources */ = {isa = PBXBuildFile; fileRef = A17E640E276F087B007917FF /* Johanna.swift */; };
		A17E650827706178007917FF /* Assets.xcassets in Resources */ = {isa = PBXBuildFile; fileRef = A17E6416276F0959007917FF /* Assets.xcassets */; };
		A17E650A27706178007917FF /* PostRow.swift in Sources */ = {isa = PBXBuildFile; fileRef = A17E6426276F0980007917FF /* PostRow.swift */; };
		A17E650B27706178007917FF /* Post.swift in Sources */ = {isa = PBXBuildFile; fileRef = A17E643F276F0980007917FF /* Post.swift */; };
		A17E650C27706178007917FF /* MapView.swift in Sources */ = {isa = PBXBuildFile; fileRef = A17E6432276F0980007917FF /* MapView.swift */; };
		A17E650D27706178007917FF /* CircleImage.swift in Sources */ = {isa = PBXBuildFile; fileRef = A17E6433276F0980007917FF /* CircleImage.swift */; };
		A17E650F27706178007917FF /* FavoriteButton.swift in Sources */ = {isa = PBXBuildFile; fileRef = A17E6434276F0980007917FF /* FavoriteButton.swift */; };
		A17E6513277062FC007917FF /* PostList.swift in Sources */ = {isa = PBXBuildFile; fileRef = A17E6512277062FC007917FF /* PostList.swift */; };
		A17E651527706581007917FF /* PostDetail.swift in Sources */ = {isa = PBXBuildFile; fileRef = A17E64E827704F7A007917FF /* PostDetail.swift */; };
		A19BFAF4277EEE8600695050 /* img in Resources */ = {isa = PBXBuildFile; fileRef = A19BFAF3277EEE8600695050 /* img */; };
		A19BFAF5277EEE8600695050 /* img in Resources */ = {isa = PBXBuildFile; fileRef = A19BFAF3277EEE8600695050 /* img */; };
		A19BFAF6277EEE8600695050 /* img in Resources */ = {isa = PBXBuildFile; fileRef = A19BFAF3277EEE8600695050 /* img */; };
		A19BFAF7277EEE8600695050 /* img in Resources */ = {isa = PBXBuildFile; fileRef = A19BFAF3277EEE8600695050 /* img */; };
		A19BFAFC2780388600695050 /* postData.json in Resources */ = {isa = PBXBuildFile; fileRef = A19BFAF92780372C00695050 /* postData.json */; };
		A19BFAFD2780388700695050 /* postData.json in Resources */ = {isa = PBXBuildFile; fileRef = A19BFAF92780372C00695050 /* postData.json */; };
		A19BFAFE2780388800695050 /* postData.json in Resources */ = {isa = PBXBuildFile; fileRef = A19BFAF92780372C00695050 /* postData.json */; };
		A19BFAFF2780388800695050 /* postData.json in Resources */ = {isa = PBXBuildFile; fileRef = A19BFAF92780372C00695050 /* postData.json */; };
/* End PBXBuildFile section */

/* Begin PBXContainerItemProxy section */
		A17E649B276F1AFD007917FF /* PBXContainerItemProxy */ = {
			isa = PBXContainerItemProxy;
			containerPortal = A17E63F5276F0848007917FF /* Project object */;
			proxyType = 1;
			remoteGlobalIDString = A17E6498276F1AFD007917FF;
			remoteInfo = "WatchApp WatchKit Extension";
		};
		A17E64AF276F1AFE007917FF /* PBXContainerItemProxy */ = {
			isa = PBXContainerItemProxy;
			containerPortal = A17E63F5276F0848007917FF /* Project object */;
			proxyType = 1;
			remoteGlobalIDString = A17E6490276F1AFC007917FF;
			remoteInfo = WatchApp;
		};
/* End PBXContainerItemProxy section */

/* Begin PBXCopyFilesBuildPhase section */
		A17E64B2276F1AFE007917FF /* Embed Watch Content */ = {
			isa = PBXCopyFilesBuildPhase;
			buildActionMask = 2147483647;
			dstPath = "$(CONTENTS_FOLDER_PATH)/Watch";
			dstSubfolderSpec = 16;
			files = (
				A17E64B1276F1AFE007917FF /* Johanna.app in Embed Watch Content */,
			);
			name = "Embed Watch Content";
			runOnlyForDeploymentPostprocessing = 0;
		};
		A17E64B5276F1AFE007917FF /* Embed App Extensions */ = {
			isa = PBXCopyFilesBuildPhase;
			buildActionMask = 2147483647;
			dstPath = "";
			dstSubfolderSpec = 13;
			files = (
				A17E649A276F1AFD007917FF /* watchOS WatchKit Extension.appex in Embed App Extensions */,
			);
			name = "Embed App Extensions";
			runOnlyForDeploymentPostprocessing = 0;
		};
/* End PBXCopyFilesBuildPhase section */

/* Begin PBXFileReference section */
		A16FF35C2781747500B80CEC /* Preview Assets.xcassets */ = {isa = PBXFileReference; lastKnownFileType = folder.assetcatalog; path = "Preview Assets.xcassets"; sourceTree = "<group>"; };
		A17E63FD276F0848007917FF /* Johanna.app */ = {isa = PBXFileReference; explicitFileType = wrapper.application; includeInIndex = 0; path = Johanna.app; sourceTree = BUILT_PRODUCTS_DIR; };
		A17E640E276F087B007917FF /* Johanna.swift */ = {isa = PBXFileReference; fileEncoding = 4; lastKnownFileType = sourcecode.swift; name = Johanna.swift; path = ../../../Johanna.swiftpm/Johanna.swift; sourceTree = "<group>"; };
		A17E6416276F0959007917FF /* Assets.xcassets */ = {isa = PBXFileReference; lastKnownFileType = folder.assetcatalog; name = Assets.xcassets; path = ../../../Johanna.swiftpm/Assets.xcassets; sourceTree = "<group>"; };
		A17E641F276F0980007917FF /* FeatureCard.swift */ = {isa = PBXFileReference; fileEncoding = 4; lastKnownFileType = sourcecode.swift; path = FeatureCard.swift; sourceTree = "<group>"; };
		A17E6420276F0980007917FF /* PageControl.swift */ = {isa = PBXFileReference; fileEncoding = 4; lastKnownFileType = sourcecode.swift; path = PageControl.swift; sourceTree = "<group>"; };
		A17E6421276F0980007917FF /* PageViewController.swift */ = {isa = PBXFileReference; fileEncoding = 4; lastKnownFileType = sourcecode.swift; path = PageViewController.swift; sourceTree = "<group>"; };
		A17E6422276F0980007917FF /* PageView.swift */ = {isa = PBXFileReference; fileEncoding = 4; lastKnownFileType = sourcecode.swift; path = PageView.swift; sourceTree = "<group>"; };
		A17E6424276F0980007917FF /* PostList.swift */ = {isa = PBXFileReference; fileEncoding = 4; lastKnownFileType = sourcecode.swift; path = PostList.swift; sourceTree = "<group>"; };
		A17E6425276F0980007917FF /* PostDetail.swift */ = {isa = PBXFileReference; fileEncoding = 4; lastKnownFileType = sourcecode.swift; path = PostDetail.swift; sourceTree = "<group>"; };
		A17E6426276F0980007917FF /* PostRow.swift */ = {isa = PBXFileReference; fileEncoding = 4; lastKnownFileType = sourcecode.swift; path = PostRow.swift; sourceTree = "<group>"; };
		A17E642D276F0980007917FF /* CategoryItem.swift */ = {isa = PBXFileReference; fileEncoding = 4; lastKnownFileType = sourcecode.swift; path = CategoryItem.swift; sourceTree = "<group>"; };
		A17E642E276F0980007917FF /* CategoryHome.swift */ = {isa = PBXFileReference; fileEncoding = 4; lastKnownFileType = sourcecode.swift; path = CategoryHome.swift; sourceTree = "<group>"; };
		A17E642F276F0980007917FF /* CategoryRow.swift */ = {isa = PBXFileReference; fileEncoding = 4; lastKnownFileType = sourcecode.swift; path = CategoryRow.swift; sourceTree = "<group>"; };
		A17E6430276F0980007917FF /* ContentView.swift */ = {isa = PBXFileReference; fileEncoding = 4; lastKnownFileType = sourcecode.swift; path = ContentView.swift; sourceTree = "<group>"; };
		A17E6432276F0980007917FF /* MapView.swift */ = {isa = PBXFileReference; fileEncoding = 4; lastKnownFileType = sourcecode.swift; path = MapView.swift; sourceTree = "<group>"; };
		A17E6433276F0980007917FF /* CircleImage.swift */ = {isa = PBXFileReference; fileEncoding = 4; lastKnownFileType = sourcecode.swift; path = CircleImage.swift; sourceTree = "<group>"; };
		A17E6434276F0980007917FF /* FavoriteButton.swift */ = {isa = PBXFileReference; fileEncoding = 4; lastKnownFileType = sourcecode.swift; path = FavoriteButton.swift; sourceTree = "<group>"; };
		A17E643E276F0980007917FF /* ModelData.swift */ = {isa = PBXFileReference; fileEncoding = 4; lastKnownFileType = sourcecode.swift; path = ModelData.swift; sourceTree = "<group>"; };
		A17E643F276F0980007917FF /* Post.swift */ = {isa = PBXFileReference; fileEncoding = 4; lastKnownFileType = sourcecode.swift; path = Post.swift; sourceTree = "<group>"; };
		A17E6491276F1AFC007917FF /* Johanna.app */ = {isa = PBXFileReference; explicitFileType = wrapper.application; includeInIndex = 0; path = Johanna.app; sourceTree = BUILT_PRODUCTS_DIR; };
		A17E6493276F1AFD007917FF /* Assets.xcassets */ = {isa = PBXFileReference; lastKnownFileType = folder.assetcatalog; path = Assets.xcassets; sourceTree = "<group>"; };
		A17E6499276F1AFD007917FF /* watchOS WatchKit Extension.appex */ = {isa = PBXFileReference; explicitFileType = "wrapper.app-extension"; includeInIndex = 0; path = "watchOS WatchKit Extension.appex"; sourceTree = BUILT_PRODUCTS_DIR; };
		A17E64A0276F1AFD007917FF /* ContentView.swift */ = {isa = PBXFileReference; lastKnownFileType = sourcecode.swift; path = ContentView.swift; sourceTree = "<group>"; };
		A17E64A2276F1AFD007917FF /* NotificationController.swift */ = {isa = PBXFileReference; lastKnownFileType = sourcecode.swift; path = NotificationController.swift; sourceTree = "<group>"; };
		A17E64A4276F1AFD007917FF /* NotificationView.swift */ = {isa = PBXFileReference; lastKnownFileType = sourcecode.swift; path = NotificationView.swift; sourceTree = "<group>"; };
		A17E64A6276F1AFD007917FF /* ComplicationController.swift */ = {isa = PBXFileReference; lastKnownFileType = sourcecode.swift; path = ComplicationController.swift; sourceTree = "<group>"; };
		A17E64A8276F1AFE007917FF /* Assets.xcassets */ = {isa = PBXFileReference; lastKnownFileType = folder.assetcatalog; path = Assets.xcassets; sourceTree = "<group>"; };
		A17E64AB276F1AFE007917FF /* Preview Assets.xcassets */ = {isa = PBXFileReference; lastKnownFileType = folder.assetcatalog; path = "Preview Assets.xcassets"; sourceTree = "<group>"; };
		A17E64AD276F1AFE007917FF /* Info.plist */ = {isa = PBXFileReference; lastKnownFileType = text.plist.xml; path = Info.plist; sourceTree = "<group>"; };
		A17E64AE276F1AFE007917FF /* PushNotificationPayload.apns */ = {isa = PBXFileReference; lastKnownFileType = text; path = PushNotificationPayload.apns; sourceTree = "<group>"; };
		A17E64C6276F1C33007917FF /* PostDetail.swift */ = {isa = PBXFileReference; lastKnownFileType = sourcecode.swift; path = PostDetail.swift; sourceTree = "<group>"; };
		A17E64CC27704E48007917FF /* Johanna.app */ = {isa = PBXFileReference; explicitFileType = wrapper.application; includeInIndex = 0; path = Johanna.app; sourceTree = BUILT_PRODUCTS_DIR; };
		A17E64D027704E48007917FF /* ContentView.swift */ = {isa = PBXFileReference; lastKnownFileType = sourcecode.swift; path = ContentView.swift; sourceTree = "<group>"; };
		A17E64D227704E49007917FF /* Assets.xcassets */ = {isa = PBXFileReference; lastKnownFileType = folder.assetcatalog; path = Assets.xcassets; sourceTree = "<group>"; };
		A17E64D527704E49007917FF /* Preview Assets.xcassets */ = {isa = PBXFileReference; lastKnownFileType = folder.assetcatalog; path = "Preview Assets.xcassets"; sourceTree = "<group>"; };
		A17E64D727704E49007917FF /* macOS.entitlements */ = {isa = PBXFileReference; lastKnownFileType = text.plist.entitlements; path = macOS.entitlements; sourceTree = "<group>"; };
		A17E64E827704F7A007917FF /* PostDetail.swift */ = {isa = PBXFileReference; lastKnownFileType = sourcecode.swift; path = PostDetail.swift; sourceTree = "<group>"; };
		A17E64EA277051BA007917FF /* PostList.swift */ = {isa = PBXFileReference; lastKnownFileType = sourcecode.swift; path = PostList.swift; sourceTree = "<group>"; };
		A17E64EC277055F8007917FF /* JohannaCommands.swift */ = {isa = PBXFileReference; lastKnownFileType = sourcecode.swift; name = JohannaCommands.swift; path = ../../../Johanna.swiftpm/JohannaCommands.swift; sourceTree = "<group>"; };
		A17E64EF277058F0007917FF /* JohannaSettings.swift */ = {isa = PBXFileReference; lastKnownFileType = sourcecode.swift; path = JohannaSettings.swift; sourceTree = "<group>"; };
		A17E64F52770607B007917FF /* Johanna.app */ = {isa = PBXFileReference; explicitFileType = wrapper.application; includeInIndex = 0; path = Johanna.app; sourceTree = BUILT_PRODUCTS_DIR; };
		A17E64F92770607B007917FF /* ContentView.swift */ = {isa = PBXFileReference; lastKnownFileType = sourcecode.swift; path = ContentView.swift; sourceTree = "<group>"; };
		A17E64FB2770607D007917FF /* Assets.xcassets */ = {isa = PBXFileReference; lastKnownFileType = folder.assetcatalog; path = Assets.xcassets; sourceTree = "<group>"; };
		A17E64FE2770607D007917FF /* Preview Assets.xcassets */ = {isa = PBXFileReference; lastKnownFileType = folder.assetcatalog; path = "Preview Assets.xcassets"; sourceTree = "<group>"; };
		A17E6512277062FC007917FF /* PostList.swift */ = {isa = PBXFileReference; lastKnownFileType = sourcecode.swift; path = PostList.swift; sourceTree = "<group>"; };
		A19BFAF3277EEE8600695050 /* img */ = {isa = PBXFileReference; lastKnownFileType = folder; path = img; sourceTree = "<group>"; };
		A19BFAF92780372C00695050 /* postData.json */ = {isa = PBXFileReference; lastKnownFileType = text.json; path = postData.json; sourceTree = "<group>"; };
/* End PBXFileReference section */

/* Begin PBXFrameworksBuildPhase section */
		A17E63FA276F0848007917FF /* Frameworks */ = {
			isa = PBXFrameworksBuildPhase;
			buildActionMask = 2147483647;
			files = (
			);
			runOnlyForDeploymentPostprocessing = 0;
		};
		A17E6496276F1AFD007917FF /* Frameworks */ = {
			isa = PBXFrameworksBuildPhase;
			buildActionMask = 2147483647;
			files = (
			);
			runOnlyForDeploymentPostprocessing = 0;
		};
		A17E64C927704E48007917FF /* Frameworks */ = {
			isa = PBXFrameworksBuildPhase;
			buildActionMask = 2147483647;
			files = (
			);
			runOnlyForDeploymentPostprocessing = 0;
		};
		A17E64F22770607B007917FF /* Frameworks */ = {
			isa = PBXFrameworksBuildPhase;
			buildActionMask = 2147483647;
			files = (
			);
			runOnlyForDeploymentPostprocessing = 0;
		};
/* End PBXFrameworksBuildPhase section */

/* Begin PBXGroup section */
		A16FF35A2781743C00B80CEC /* iOS */ = {
			isa = PBXGroup;
			children = (
				A17E640E276F087B007917FF /* Johanna.swift */,
				A17E64EC277055F8007917FF /* JohannaCommands.swift */,
				A17E643B276F0980007917FF /* Model */,
				A17E6440276F0980007917FF /* Resources */,
				A17E6418276F0980007917FF /* Views */,
				A17E6416276F0959007917FF /* Assets.xcassets */,
				A16FF35B2781747500B80CEC /* Preview Content */,
			);
			path = iOS;
			sourceTree = "<group>";
		};
		A16FF35B2781747500B80CEC /* Preview Content */ = {
			isa = PBXGroup;
			children = (
				A16FF35C2781747500B80CEC /* Preview Assets.xcassets */,
			);
			path = "Preview Content";
			sourceTree = "<group>";
		};
		A17E63F4276F0848007917FF = {
			isa = PBXGroup;
			children = (
				A16FF35A2781743C00B80CEC /* iOS */,
				A17E6492276F1AFC007917FF /* watchOS */,
				A17E649D276F1AFD007917FF /* watchOS WatchKit Extension */,
				A17E64CD27704E48007917FF /* macOS */,
				A17E64F62770607B007917FF /* tvOS */,
				A17E63FE276F0848007917FF /* Products */,
			);
			sourceTree = "<group>";
		};
		A17E63FE276F0848007917FF /* Products */ = {
			isa = PBXGroup;
			children = (
				A17E63FD276F0848007917FF /* Johanna.app */,
				A17E6491276F1AFC007917FF /* Johanna.app */,
				A17E6499276F1AFD007917FF /* watchOS WatchKit Extension.appex */,
				A17E64CC27704E48007917FF /* Johanna.app */,
				A17E64F52770607B007917FF /* Johanna.app */,
			);
			name = Products;
			sourceTree = "<group>";
		};
		A17E6418276F0980007917FF /* Views */ = {
			isa = PBXGroup;
			children = (
				A17E641E276F0980007917FF /* PageView */,
				A17E6423276F0980007917FF /* Post */,
				A17E642C276F0980007917FF /* Categories */,
				A17E6430276F0980007917FF /* ContentView.swift */,
				A17E6431276F0980007917FF /* Helpers */,
			);
			name = Views;
			path = ../../../Johanna.swiftpm/Views;
			sourceTree = "<group>";
		};
		A17E641E276F0980007917FF /* PageView */ = {
			isa = PBXGroup;
			children = (
				A17E641F276F0980007917FF /* FeatureCard.swift */,
				A17E6420276F0980007917FF /* PageControl.swift */,
				A17E6421276F0980007917FF /* PageViewController.swift */,
				A17E6422276F0980007917FF /* PageView.swift */,
			);
			path = PageView;
			sourceTree = "<group>";
		};
		A17E6423276F0980007917FF /* Post */ = {
			isa = PBXGroup;
			children = (
				A17E6424276F0980007917FF /* PostList.swift */,
				A17E6425276F0980007917FF /* PostDetail.swift */,
				A17E6426276F0980007917FF /* PostRow.swift */,
			);
			path = Post;
			sourceTree = "<group>";
		};
		A17E642C276F0980007917FF /* Categories */ = {
			isa = PBXGroup;
			children = (
				A17E642D276F0980007917FF /* CategoryItem.swift */,
				A17E642E276F0980007917FF /* CategoryHome.swift */,
				A17E642F276F0980007917FF /* CategoryRow.swift */,
			);
			path = Categories;
			sourceTree = "<group>";
		};
		A17E6431276F0980007917FF /* Helpers */ = {
			isa = PBXGroup;
			children = (
				A17E6432276F0980007917FF /* MapView.swift */,
				A17E6433276F0980007917FF /* CircleImage.swift */,
				A17E6434276F0980007917FF /* FavoriteButton.swift */,
			);
			path = Helpers;
			sourceTree = "<group>";
		};
		A17E643B276F0980007917FF /* Model */ = {
			isa = PBXGroup;
			children = (
				A17E643E276F0980007917FF /* ModelData.swift */,
				A17E643F276F0980007917FF /* Post.swift */,
			);
			name = Model;
			path = ../../../Johanna.swiftpm/Model;
			sourceTree = "<group>";
		};
		A17E6440276F0980007917FF /* Resources */ = {
			isa = PBXGroup;
			children = (
				A19BFAF3277EEE8600695050 /* img */,
				A19BFAF92780372C00695050 /* postData.json */,
			);
			name = Resources;
			path = ../../../Johanna.swiftpm/Resources;
			sourceTree = "<group>";
		};
		A17E6492276F1AFC007917FF /* watchOS */ = {
			isa = PBXGroup;
			children = (
				A17E6493276F1AFD007917FF /* Assets.xcassets */,
			);
			path = watchOS;
			sourceTree = "<group>";
		};
		A17E649D276F1AFD007917FF /* watchOS WatchKit Extension */ = {
			isa = PBXGroup;
			children = (
				A17E64A0276F1AFD007917FF /* ContentView.swift */,
				A17E64C6276F1C33007917FF /* PostDetail.swift */,
				A17E64EA277051BA007917FF /* PostList.swift */,
				A17E64A2276F1AFD007917FF /* NotificationController.swift */,
				A17E64A4276F1AFD007917FF /* NotificationView.swift */,
				A17E64A6276F1AFD007917FF /* ComplicationController.swift */,
				A17E64A8276F1AFE007917FF /* Assets.xcassets */,
				A17E64AD276F1AFE007917FF /* Info.plist */,
				A17E64AE276F1AFE007917FF /* PushNotificationPayload.apns */,
				A17E64AA276F1AFE007917FF /* Preview Content */,
			);
			path = "watchOS WatchKit Extension";
			sourceTree = "<group>";
		};
		A17E64AA276F1AFE007917FF /* Preview Content */ = {
			isa = PBXGroup;
			children = (
				A17E64AB276F1AFE007917FF /* Preview Assets.xcassets */,
			);
			path = "Preview Content";
			sourceTree = "<group>";
		};
		A17E64CD27704E48007917FF /* macOS */ = {
			isa = PBXGroup;
			children = (
				A17E64D027704E48007917FF /* ContentView.swift */,
				A17E64E827704F7A007917FF /* PostDetail.swift */,
				A17E64EF277058F0007917FF /* JohannaSettings.swift */,
				A17E64D227704E49007917FF /* Assets.xcassets */,
				A17E64D727704E49007917FF /* macOS.entitlements */,
				A17E64D427704E49007917FF /* Preview Content */,
			);
			path = macOS;
			sourceTree = "<group>";
		};
		A17E64D427704E49007917FF /* Preview Content */ = {
			isa = PBXGroup;
			children = (
				A17E64D527704E49007917FF /* Preview Assets.xcassets */,
			);
			path = "Preview Content";
			sourceTree = "<group>";
		};
		A17E64F62770607B007917FF /* tvOS */ = {
			isa = PBXGroup;
			children = (
				A17E64F92770607B007917FF /* ContentView.swift */,
				A17E6512277062FC007917FF /* PostList.swift */,
				A17E64FB2770607D007917FF /* Assets.xcassets */,
				A17E64FD2770607D007917FF /* Preview Content */,
			);
			path = tvOS;
			sourceTree = "<group>";
		};
		A17E64FD2770607D007917FF /* Preview Content */ = {
			isa = PBXGroup;
			children = (
				A17E64FE2770607D007917FF /* Preview Assets.xcassets */,
			);
			path = "Preview Content";
			sourceTree = "<group>";
		};
/* End PBXGroup section */

/* Begin PBXNativeTarget section */
		A17E63FC276F0848007917FF /* iOS */ = {
			isa = PBXNativeTarget;
			buildConfigurationList = A17E640B276F0849007917FF /* Build configuration list for PBXNativeTarget "iOS" */;
			buildPhases = (
				A17E63F9276F0848007917FF /* Sources */,
				A17E63FA276F0848007917FF /* Frameworks */,
				A17E63FB276F0848007917FF /* Resources */,
				A17E64B2276F1AFE007917FF /* Embed Watch Content */,
			);
			buildRules = (
			);
			dependencies = (
				A17E64B0276F1AFE007917FF /* PBXTargetDependency */,
			);
			name = iOS;
			productName = Johanna;
			productReference = A17E63FD276F0848007917FF /* Johanna.app */;
			productType = "com.apple.product-type.application";
		};
		A17E6490276F1AFC007917FF /* watchOS */ = {
			isa = PBXNativeTarget;
			buildConfigurationList = A17E64B9276F1AFE007917FF /* Build configuration list for PBXNativeTarget "watchOS" */;
			buildPhases = (
				A17E648F276F1AFC007917FF /* Resources */,
				A17E64B5276F1AFE007917FF /* Embed App Extensions */,
			);
			buildRules = (
			);
			dependencies = (
				A17E649C276F1AFD007917FF /* PBXTargetDependency */,
			);
			name = watchOS;
			productName = WatchApp;
			productReference = A17E6491276F1AFC007917FF /* Johanna.app */;
			productType = "com.apple.product-type.application.watchapp2";
		};
		A17E6498276F1AFD007917FF /* watchOS WatchKit Extension */ = {
			isa = PBXNativeTarget;
			buildConfigurationList = A17E64B8276F1AFE007917FF /* Build configuration list for PBXNativeTarget "watchOS WatchKit Extension" */;
			buildPhases = (
				A17E6495276F1AFD007917FF /* Sources */,
				A17E6496276F1AFD007917FF /* Frameworks */,
				A17E6497276F1AFD007917FF /* Resources */,
			);
			buildRules = (
			);
			dependencies = (
			);
			name = "watchOS WatchKit Extension";
			productName = "WatchApp WatchKit Extension";
			productReference = A17E6499276F1AFD007917FF /* watchOS WatchKit Extension.appex */;
			productType = "com.apple.product-type.watchkit2-extension";
		};
		A17E64CB27704E48007917FF /* macOS */ = {
			isa = PBXNativeTarget;
			buildConfigurationList = A17E64DA27704E49007917FF /* Build configuration list for PBXNativeTarget "macOS" */;
			buildPhases = (
				A17E64C827704E48007917FF /* Sources */,
				A17E64C927704E48007917FF /* Frameworks */,
				A17E64CA27704E48007917FF /* Resources */,
			);
			buildRules = (
			);
			dependencies = (
			);
			name = macOS;
			productName = MacApp;
			productReference = A17E64CC27704E48007917FF /* Johanna.app */;
			productType = "com.apple.product-type.application";
		};
		A17E64F42770607B007917FF /* tvOS */ = {
			isa = PBXNativeTarget;
			buildConfigurationList = A17E65022770607D007917FF /* Build configuration list for PBXNativeTarget "tvOS" */;
			buildPhases = (
				A17E64F12770607B007917FF /* Sources */,
				A17E64F22770607B007917FF /* Frameworks */,
				A17E64F32770607B007917FF /* Resources */,
			);
			buildRules = (
			);
			dependencies = (
			);
			name = tvOS;
			productName = TVApp;
			productReference = A17E64F52770607B007917FF /* Johanna.app */;
			productType = "com.apple.product-type.application";
		};
/* End PBXNativeTarget section */

/* Begin PBXProject section */
		A17E63F5276F0848007917FF /* Project object */ = {
			isa = PBXProject;
			attributes = {
				BuildIndependentTargetsInParallel = 1;
				LastSwiftUpdateCheck = 1320;
				LastUpgradeCheck = 1320;
				TargetAttributes = {
					A17E63FC276F0848007917FF = {
						CreatedOnToolsVersion = 13.2;
					};
					A17E6490276F1AFC007917FF = {
						CreatedOnToolsVersion = 13.2;
					};
					A17E6498276F1AFD007917FF = {
						CreatedOnToolsVersion = 13.2;
					};
					A17E64CB27704E48007917FF = {
						CreatedOnToolsVersion = 13.2;
					};
					A17E64F42770607B007917FF = {
						CreatedOnToolsVersion = 13.2;
					};
				};
			};
			buildConfigurationList = A17E63F8276F0848007917FF /* Build configuration list for PBXProject "Johanna" */;
			compatibilityVersion = "Xcode 13.0";
			developmentRegion = en;
			hasScannedForEncodings = 0;
			knownRegions = (
				en,
				Base,
			);
			mainGroup = A17E63F4276F0848007917FF;
			productRefGroup = A17E63FE276F0848007917FF /* Products */;
			projectDirPath = "";
			projectRoot = "";
			targets = (
				A17E63FC276F0848007917FF /* iOS */,
				A17E6490276F1AFC007917FF /* watchOS */,
				A17E6498276F1AFD007917FF /* watchOS WatchKit Extension */,
				A17E64CB27704E48007917FF /* macOS */,
				A17E64F42770607B007917FF /* tvOS */,
			);
		};
/* End PBXProject section */

/* Begin PBXResourcesBuildPhase section */
		A17E63FB276F0848007917FF /* Resources */ = {
			isa = PBXResourcesBuildPhase;
			buildActionMask = 2147483647;
			files = (
				A19BFAF4277EEE8600695050 /* img in Resources */,
				A19BFAFC2780388600695050 /* postData.json in Resources */,
				A16FF35D2781747500B80CEC /* Preview Assets.xcassets in Resources */,
				A17E6417276F0959007917FF /* Assets.xcassets in Resources */,
			);
			runOnlyForDeploymentPostprocessing = 0;
		};
		A17E648F276F1AFC007917FF /* Resources */ = {
			isa = PBXResourcesBuildPhase;
			buildActionMask = 2147483647;
			files = (
				A17E6494276F1AFD007917FF /* Assets.xcassets in Resources */,
			);
			runOnlyForDeploymentPostprocessing = 0;
		};
		A17E6497276F1AFD007917FF /* Resources */ = {
			isa = PBXResourcesBuildPhase;
			buildActionMask = 2147483647;
			files = (
				A19BFAF5277EEE8600695050 /* img in Resources */,
				A19BFAFD2780388700695050 /* postData.json in Resources */,
				A17E64AC276F1AFE007917FF /* Preview Assets.xcassets in Resources */,
				A17E64A9276F1AFE007917FF /* Assets.xcassets in Resources */,
				A17E64C4276F1BC9007917FF /* Assets.xcassets in Resources */,
			);
			runOnlyForDeploymentPostprocessing = 0;
		};
		A17E64CA27704E48007917FF /* Resources */ = {
			isa = PBXResourcesBuildPhase;
			buildActionMask = 2147483647;
			files = (
				A19BFAF6277EEE8600695050 /* img in Resources */,
				A19BFAFE2780388800695050 /* postData.json in Resources */,
				A17E64D627704E49007917FF /* Preview Assets.xcassets in Resources */,
				A17E64E527704F07007917FF /* Assets.xcassets in Resources */,
				A17E64D327704E49007917FF /* Assets.xcassets in Resources */,
			);
			runOnlyForDeploymentPostprocessing = 0;
		};
		A17E64F32770607B007917FF /* Resources */ = {
			isa = PBXResourcesBuildPhase;
			buildActionMask = 2147483647;
			files = (
				A19BFAF7277EEE8600695050 /* img in Resources */,
				A19BFAFF2780388800695050 /* postData.json in Resources */,
				A17E64FF2770607D007917FF /* Preview Assets.xcassets in Resources */,
				A17E64FC2770607D007917FF /* Assets.xcassets in Resources */,
				A17E650827706178007917FF /* Assets.xcassets in Resources */,
			);
			runOnlyForDeploymentPostprocessing = 0;
		};
/* End PBXResourcesBuildPhase section */

/* Begin PBXSourcesBuildPhase section */
		A17E63F9276F0848007917FF /* Sources */ = {
			isa = PBXSourcesBuildPhase;
			buildActionMask = 2147483647;
			files = (
				A17E64ED277055F8007917FF /* JohannaCommands.swift in Sources */,
				A17E6448276F0980007917FF /* PageControl.swift in Sources */,
				A17E644D276F0980007917FF /* PostRow.swift in Sources */,
				A17E6455276F0980007917FF /* ContentView.swift in Sources */,
				A17E6456276F0980007917FF /* MapView.swift in Sources */,
				A17E6460276F0980007917FF /* ModelData.swift in Sources */,
				A17E640F276F087B007917FF /* Johanna.swift in Sources */,
				A17E6447276F0980007917FF /* FeatureCard.swift in Sources */,
				A17E6453276F0980007917FF /* CategoryHome.swift in Sources */,
				A17E6461276F0980007917FF /* Post.swift in Sources */,
				A17E6452276F0980007917FF /* CategoryItem.swift in Sources */,
				A17E644A276F0980007917FF /* PageView.swift in Sources */,
				A17E6449276F0980007917FF /* PageViewController.swift in Sources */,
				A17E644B276F0980007917FF /* PostList.swift in Sources */,
				A17E6457276F0980007917FF /* CircleImage.swift in Sources */,
				A17E644C276F0980007917FF /* PostDetail.swift in Sources */,
				A17E6454276F0980007917FF /* CategoryRow.swift in Sources */,
				A17E6458276F0980007917FF /* FavoriteButton.swift in Sources */,
			);
			runOnlyForDeploymentPostprocessing = 0;
		};
		A17E6495276F1AFD007917FF /* Sources */ = {
			isa = PBXSourcesBuildPhase;
			buildActionMask = 2147483647;
			files = (
				A17E64A3276F1AFD007917FF /* NotificationController.swift in Sources */,
				A17E64A1276F1AFD007917FF /* ContentView.swift in Sources */,
				A17E64EB277051BA007917FF /* PostList.swift in Sources */,
				A17E64A7276F1AFD007917FF /* ComplicationController.swift in Sources */,
				A17E64C7276F1C33007917FF /* PostDetail.swift in Sources */,
				A17E64C3276F1BC9007917FF /* CircleImage.swift in Sources */,
				A17E64C0276F1BC9007917FF /* Johanna.swift in Sources */,
				A17E64BF276F1BC9007917FF /* ModelData.swift in Sources */,
				A17E64C1276F1BC9007917FF /* MapView.swift in Sources */,
				A17E64C2276F1BC9007917FF /* PostRow.swift in Sources */,
				A17E64A5276F1AFD007917FF /* NotificationView.swift in Sources */,
				A17E64BC276F1BC9007917FF /* Post.swift in Sources */,
			);
			runOnlyForDeploymentPostprocessing = 0;
		};
		A17E64C827704E48007917FF /* Sources */ = {
			isa = PBXSourcesBuildPhase;
			buildActionMask = 2147483647;
			files = (
				A17E64E727704F07007917FF /* Post.swift in Sources */,
				A17E64F0277058F0007917FF /* JohannaSettings.swift in Sources */,
				A17E64D127704E48007917FF /* ContentView.swift in Sources */,
				A17E64DF27704EF1007917FF /* MapView.swift in Sources */,
				A17E64EE277055F8007917FF /* JohannaCommands.swift in Sources */,
				A17E64E927704F7A007917FF /* PostDetail.swift in Sources */,
				A17E64DD27704EF1007917FF /* CircleImage.swift in Sources */,
				A17E64DB27704EBD007917FF /* Johanna.swift in Sources */,
				A17E64E027704EF1007917FF /* FavoriteButton.swift in Sources */,
				A17E64E127704F07007917FF /* ModelData.swift in Sources */,
				A17E64DC27704EF1007917FF /* PostRow.swift in Sources */,
				A17E64DE27704EF1007917FF /* PostList.swift in Sources */,
			);
			runOnlyForDeploymentPostprocessing = 0;
		};
		A17E64F12770607B007917FF /* Sources */ = {
			isa = PBXSourcesBuildPhase;
			buildActionMask = 2147483647;
			files = (
				A17E650B27706178007917FF /* Post.swift in Sources */,
				A17E64FA2770607B007917FF /* ContentView.swift in Sources */,
				A17E650727706178007917FF /* Johanna.swift in Sources */,
				A17E650A27706178007917FF /* PostRow.swift in Sources */,
				A17E651527706581007917FF /* PostDetail.swift in Sources */,
				A17E6513277062FC007917FF /* PostList.swift in Sources */,
				A17E650C27706178007917FF /* MapView.swift in Sources */,
				A17E650527706178007917FF /* ModelData.swift in Sources */,
				A17E650F27706178007917FF /* FavoriteButton.swift in Sources */,
				A17E650D27706178007917FF /* CircleImage.swift in Sources */,
			);
			runOnlyForDeploymentPostprocessing = 0;
		};
/* End PBXSourcesBuildPhase section */

/* Begin PBXTargetDependency section */
		A17E649C276F1AFD007917FF /* PBXTargetDependency */ = {
			isa = PBXTargetDependency;
			target = A17E6498276F1AFD007917FF /* watchOS WatchKit Extension */;
			targetProxy = A17E649B276F1AFD007917FF /* PBXContainerItemProxy */;
		};
		A17E64B0276F1AFE007917FF /* PBXTargetDependency */ = {
			isa = PBXTargetDependency;
			target = A17E6490276F1AFC007917FF /* watchOS */;
			targetProxy = A17E64AF276F1AFE007917FF /* PBXContainerItemProxy */;
		};
/* End PBXTargetDependency section */

/* Begin XCBuildConfiguration section */
		A17E6409276F0849007917FF /* Debug */ = {
			isa = XCBuildConfiguration;
			buildSettings = {
				ALWAYS_SEARCH_USER_PATHS = NO;
				CLANG_ANALYZER_NONNULL = YES;
				CLANG_ANALYZER_NUMBER_OBJECT_CONVERSION = YES_AGGRESSIVE;
				CLANG_CXX_LANGUAGE_STANDARD = "gnu++17";
				CLANG_CXX_LIBRARY = "libc++";
				CLANG_ENABLE_MODULES = YES;
				CLANG_ENABLE_OBJC_ARC = YES;
				CLANG_ENABLE_OBJC_WEAK = YES;
				CLANG_WARN_BLOCK_CAPTURE_AUTORELEASING = YES;
				CLANG_WARN_BOOL_CONVERSION = YES;
				CLANG_WARN_COMMA = YES;
				CLANG_WARN_CONSTANT_CONVERSION = YES;
				CLANG_WARN_DEPRECATED_OBJC_IMPLEMENTATIONS = YES;
				CLANG_WARN_DIRECT_OBJC_ISA_USAGE = YES_ERROR;
				CLANG_WARN_DOCUMENTATION_COMMENTS = YES;
				CLANG_WARN_EMPTY_BODY = YES;
				CLANG_WARN_ENUM_CONVERSION = YES;
				CLANG_WARN_INFINITE_RECURSION = YES;
				CLANG_WARN_INT_CONVERSION = YES;
				CLANG_WARN_NON_LITERAL_NULL_CONVERSION = YES;
				CLANG_WARN_OBJC_IMPLICIT_RETAIN_SELF = YES;
				CLANG_WARN_OBJC_LITERAL_CONVERSION = YES;
				CLANG_WARN_OBJC_ROOT_CLASS = YES_ERROR;
				CLANG_WARN_QUOTED_INCLUDE_IN_FRAMEWORK_HEADER = YES;
				CLANG_WARN_RANGE_LOOP_ANALYSIS = YES;
				CLANG_WARN_STRICT_PROTOTYPES = YES;
				CLANG_WARN_SUSPICIOUS_MOVE = YES;
				CLANG_WARN_UNGUARDED_AVAILABILITY = YES_AGGRESSIVE;
				CLANG_WARN_UNREACHABLE_CODE = YES;
				CLANG_WARN__DUPLICATE_METHOD_MATCH = YES;
				COPY_PHASE_STRIP = NO;
				DEBUG_INFORMATION_FORMAT = dwarf;
				ENABLE_STRICT_OBJC_MSGSEND = YES;
				ENABLE_TESTABILITY = YES;
				GCC_C_LANGUAGE_STANDARD = gnu11;
				GCC_DYNAMIC_NO_PIC = NO;
				GCC_NO_COMMON_BLOCKS = YES;
				GCC_OPTIMIZATION_LEVEL = 0;
				GCC_PREPROCESSOR_DEFINITIONS = (
					"DEBUG=1",
					"$(inherited)",
				);
				GCC_WARN_64_TO_32_BIT_CONVERSION = YES;
				GCC_WARN_ABOUT_RETURN_TYPE = YES_ERROR;
				GCC_WARN_UNDECLARED_SELECTOR = YES;
				GCC_WARN_UNINITIALIZED_AUTOS = YES_AGGRESSIVE;
				GCC_WARN_UNUSED_FUNCTION = YES;
				GCC_WARN_UNUSED_VARIABLE = YES;
				IPHONEOS_DEPLOYMENT_TARGET = 15.2;
				MTL_ENABLE_DEBUG_INFO = INCLUDE_SOURCE;
				MTL_FAST_MATH = YES;
				ONLY_ACTIVE_ARCH = YES;
				SDKROOT = iphoneos;
				SWIFT_ACTIVE_COMPILATION_CONDITIONS = DEBUG;
				SWIFT_OPTIMIZATION_LEVEL = "-Onone";
			};
			name = Debug;
		};
		A17E640A276F0849007917FF /* Release */ = {
			isa = XCBuildConfiguration;
			buildSettings = {
				ALWAYS_SEARCH_USER_PATHS = NO;
				CLANG_ANALYZER_NONNULL = YES;
				CLANG_ANALYZER_NUMBER_OBJECT_CONVERSION = YES_AGGRESSIVE;
				CLANG_CXX_LANGUAGE_STANDARD = "gnu++17";
				CLANG_CXX_LIBRARY = "libc++";
				CLANG_ENABLE_MODULES = YES;
				CLANG_ENABLE_OBJC_ARC = YES;
				CLANG_ENABLE_OBJC_WEAK = YES;
				CLANG_WARN_BLOCK_CAPTURE_AUTORELEASING = YES;
				CLANG_WARN_BOOL_CONVERSION = YES;
				CLANG_WARN_COMMA = YES;
				CLANG_WARN_CONSTANT_CONVERSION = YES;
				CLANG_WARN_DEPRECATED_OBJC_IMPLEMENTATIONS = YES;
				CLANG_WARN_DIRECT_OBJC_ISA_USAGE = YES_ERROR;
				CLANG_WARN_DOCUMENTATION_COMMENTS = YES;
				CLANG_WARN_EMPTY_BODY = YES;
				CLANG_WARN_ENUM_CONVERSION = YES;
				CLANG_WARN_INFINITE_RECURSION = YES;
				CLANG_WARN_INT_CONVERSION = YES;
				CLANG_WARN_NON_LITERAL_NULL_CONVERSION = YES;
				CLANG_WARN_OBJC_IMPLICIT_RETAIN_SELF = YES;
				CLANG_WARN_OBJC_LITERAL_CONVERSION = YES;
				CLANG_WARN_OBJC_ROOT_CLASS = YES_ERROR;
				CLANG_WARN_QUOTED_INCLUDE_IN_FRAMEWORK_HEADER = YES;
				CLANG_WARN_RANGE_LOOP_ANALYSIS = YES;
				CLANG_WARN_STRICT_PROTOTYPES = YES;
				CLANG_WARN_SUSPICIOUS_MOVE = YES;
				CLANG_WARN_UNGUARDED_AVAILABILITY = YES_AGGRESSIVE;
				CLANG_WARN_UNREACHABLE_CODE = YES;
				CLANG_WARN__DUPLICATE_METHOD_MATCH = YES;
				COPY_PHASE_STRIP = NO;
				DEBUG_INFORMATION_FORMAT = "dwarf-with-dsym";
				ENABLE_NS_ASSERTIONS = NO;
				ENABLE_STRICT_OBJC_MSGSEND = YES;
				GCC_C_LANGUAGE_STANDARD = gnu11;
				GCC_NO_COMMON_BLOCKS = YES;
				GCC_WARN_64_TO_32_BIT_CONVERSION = YES;
				GCC_WARN_ABOUT_RETURN_TYPE = YES_ERROR;
				GCC_WARN_UNDECLARED_SELECTOR = YES;
				GCC_WARN_UNINITIALIZED_AUTOS = YES_AGGRESSIVE;
				GCC_WARN_UNUSED_FUNCTION = YES;
				GCC_WARN_UNUSED_VARIABLE = YES;
				IPHONEOS_DEPLOYMENT_TARGET = 15.2;
				MTL_ENABLE_DEBUG_INFO = NO;
				MTL_FAST_MATH = YES;
				SDKROOT = iphoneos;
				SWIFT_COMPILATION_MODE = wholemodule;
				SWIFT_OPTIMIZATION_LEVEL = "-O";
				VALIDATE_PRODUCT = YES;
			};
			name = Release;
		};
		A17E640C276F0849007917FF /* Debug */ = {
			isa = XCBuildConfiguration;
			buildSettings = {
				ASSETCATALOG_COMPILER_APPICON_NAME = AppIcon;
				ASSETCATALOG_COMPILER_GLOBAL_ACCENT_COLOR_NAME = AccentColor;
				CODE_SIGN_STYLE = Automatic;
				CURRENT_PROJECT_VERSION = 1;
				DEVELOPMENT_ASSET_PATHS = "\"iOS/Preview Content\"";
				DEVELOPMENT_TEAM = RC8MH6T24Z;
				ENABLE_PREVIEWS = YES;
				GENERATE_INFOPLIST_FILE = YES;
				INFOPLIST_KEY_UIApplicationSceneManifest_Generation = YES;
				INFOPLIST_KEY_UIApplicationSupportsIndirectInputEvents = YES;
				INFOPLIST_KEY_UILaunchScreen_Generation = YES;
				INFOPLIST_KEY_UISupportedInterfaceOrientations_iPad = "UIInterfaceOrientationPortrait UIInterfaceOrientationPortraitUpsideDown UIInterfaceOrientationLandscapeLeft UIInterfaceOrientationLandscapeRight";
				INFOPLIST_KEY_UISupportedInterfaceOrientations_iPhone = "UIInterfaceOrientationPortrait UIInterfaceOrientationLandscapeLeft UIInterfaceOrientationLandscapeRight";
				IPHONEOS_DEPLOYMENT_TARGET = 15.2;
				LD_RUNPATH_SEARCH_PATHS = (
					"$(inherited)",
					"@executable_path/Frameworks",
				);
				MARKETING_VERSION = 0.1;
				PRODUCT_BUNDLE_IDENTIFIER = com.dinico.Johanna;
				PRODUCT_NAME = Johanna;
				SWIFT_EMIT_LOC_STRINGS = YES;
				SWIFT_VERSION = 5.0;
				TARGETED_DEVICE_FAMILY = "1,2";
			};
			name = Debug;
		};
		A17E640D276F0849007917FF /* Release */ = {
			isa = XCBuildConfiguration;
			buildSettings = {
				ASSETCATALOG_COMPILER_APPICON_NAME = AppIcon;
				ASSETCATALOG_COMPILER_GLOBAL_ACCENT_COLOR_NAME = AccentColor;
				CODE_SIGN_STYLE = Automatic;
				CURRENT_PROJECT_VERSION = 1;
				DEVELOPMENT_ASSET_PATHS = "\"iOS/Preview Content\"";
				DEVELOPMENT_TEAM = RC8MH6T24Z;
				ENABLE_PREVIEWS = YES;
				GENERATE_INFOPLIST_FILE = YES;
				INFOPLIST_KEY_UIApplicationSceneManifest_Generation = YES;
				INFOPLIST_KEY_UIApplicationSupportsIndirectInputEvents = YES;
				INFOPLIST_KEY_UILaunchScreen_Generation = YES;
				INFOPLIST_KEY_UISupportedInterfaceOrientations_iPad = "UIInterfaceOrientationPortrait UIInterfaceOrientationPortraitUpsideDown UIInterfaceOrientationLandscapeLeft UIInterfaceOrientationLandscapeRight";
				INFOPLIST_KEY_UISupportedInterfaceOrientations_iPhone = "UIInterfaceOrientationPortrait UIInterfaceOrientationLandscapeLeft UIInterfaceOrientationLandscapeRight";
				IPHONEOS_DEPLOYMENT_TARGET = 15.2;
				LD_RUNPATH_SEARCH_PATHS = (
					"$(inherited)",
					"@executable_path/Frameworks",
				);
				MARKETING_VERSION = 0.1;
				PRODUCT_BUNDLE_IDENTIFIER = com.dinico.Johanna;
				PRODUCT_NAME = Johanna;
				SWIFT_EMIT_LOC_STRINGS = YES;
				SWIFT_VERSION = 5.0;
				TARGETED_DEVICE_FAMILY = "1,2";
			};
			name = Release;
		};
		A17E64B3276F1AFE007917FF /* Debug */ = {
			isa = XCBuildConfiguration;
			buildSettings = {
				ALWAYS_EMBED_SWIFT_STANDARD_LIBRARIES = YES;
				ASSETCATALOG_COMPILER_APPICON_NAME = AppIcon;
				ASSETCATALOG_COMPILER_GLOBAL_ACCENT_COLOR_NAME = AccentColor;
				CODE_SIGN_STYLE = Automatic;
				CURRENT_PROJECT_VERSION = 1;
				DEVELOPMENT_TEAM = RC8MH6T24Z;
				GENERATE_INFOPLIST_FILE = YES;
				IBSC_MODULE = WatchApp_WatchKit_Extension;
				INFOPLIST_KEY_UISupportedInterfaceOrientations = "UIInterfaceOrientationPortrait UIInterfaceOrientationPortraitUpsideDown";
				INFOPLIST_KEY_WKCompanionAppBundleIdentifier = com.dinico.Johanna;
				MARKETING_VERSION = 0.1;
				PRODUCT_BUNDLE_IDENTIFIER = com.dinico.Johanna.watchkitapp;
				PRODUCT_NAME = Johanna;
				SDKROOT = watchos;
				SKIP_INSTALL = YES;
				SWIFT_EMIT_LOC_STRINGS = YES;
				SWIFT_VERSION = 5.0;
				TARGETED_DEVICE_FAMILY = 4;
				WATCHOS_DEPLOYMENT_TARGET = 8.3;
			};
			name = Debug;
		};
		A17E64B4276F1AFE007917FF /* Release */ = {
			isa = XCBuildConfiguration;
			buildSettings = {
				ALWAYS_EMBED_SWIFT_STANDARD_LIBRARIES = YES;
				ASSETCATALOG_COMPILER_APPICON_NAME = AppIcon;
				ASSETCATALOG_COMPILER_GLOBAL_ACCENT_COLOR_NAME = AccentColor;
				CODE_SIGN_STYLE = Automatic;
				CURRENT_PROJECT_VERSION = 1;
				DEVELOPMENT_TEAM = RC8MH6T24Z;
				GENERATE_INFOPLIST_FILE = YES;
				IBSC_MODULE = WatchApp_WatchKit_Extension;
				INFOPLIST_KEY_UISupportedInterfaceOrientations = "UIInterfaceOrientationPortrait UIInterfaceOrientationPortraitUpsideDown";
				INFOPLIST_KEY_WKCompanionAppBundleIdentifier = com.dinico.Johanna;
				MARKETING_VERSION = 0.1;
				PRODUCT_BUNDLE_IDENTIFIER = com.dinico.Johanna.watchkitapp;
				PRODUCT_NAME = Johanna;
				SDKROOT = watchos;
				SKIP_INSTALL = YES;
				SWIFT_EMIT_LOC_STRINGS = YES;
				SWIFT_VERSION = 5.0;
				TARGETED_DEVICE_FAMILY = 4;
				WATCHOS_DEPLOYMENT_TARGET = 8.3;
			};
			name = Release;
		};
		A17E64B6276F1AFE007917FF /* Debug */ = {
			isa = XCBuildConfiguration;
			buildSettings = {
				ASSETCATALOG_COMPILER_COMPLICATION_NAME = Complication;
				CODE_SIGN_STYLE = Automatic;
				CURRENT_PROJECT_VERSION = 1;
				DEVELOPMENT_ASSET_PATHS = "\"watchOS WatchKit Extension/Preview Content\"";
				DEVELOPMENT_TEAM = RC8MH6T24Z;
				ENABLE_PREVIEWS = YES;
				GENERATE_INFOPLIST_FILE = YES;
				INFOPLIST_FILE = "watchOS WatchKit Extension/Info.plist";
				INFOPLIST_KEY_CFBundleDisplayName = "Johanna WatchKit Extension";
				INFOPLIST_KEY_CLKComplicationPrincipalClass = WatchApp_WatchKit_Extension.ComplicationController;
				INFOPLIST_KEY_NSHumanReadableCopyright = "";
				INFOPLIST_KEY_WKRunsIndependentlyOfCompanionApp = YES;
				LD_RUNPATH_SEARCH_PATHS = (
					"$(inherited)",
					"@executable_path/Frameworks",
					"@executable_path/../../Frameworks",
				);
				MARKETING_VERSION = 0.1;
				PRODUCT_BUNDLE_IDENTIFIER = com.dinico.Johanna.watchkitapp.watchkitextension;
				PRODUCT_NAME = "${TARGET_NAME}";
				SDKROOT = watchos;
				SKIP_INSTALL = YES;
				SWIFT_EMIT_LOC_STRINGS = YES;
				SWIFT_VERSION = 5.0;
				TARGETED_DEVICE_FAMILY = 4;
				WATCHOS_DEPLOYMENT_TARGET = 8.3;
			};
			name = Debug;
		};
		A17E64B7276F1AFE007917FF /* Release */ = {
			isa = XCBuildConfiguration;
			buildSettings = {
				ASSETCATALOG_COMPILER_COMPLICATION_NAME = Complication;
				CODE_SIGN_STYLE = Automatic;
				CURRENT_PROJECT_VERSION = 1;
				DEVELOPMENT_ASSET_PATHS = "\"watchOS WatchKit Extension/Preview Content\"";
				DEVELOPMENT_TEAM = RC8MH6T24Z;
				ENABLE_PREVIEWS = YES;
				GENERATE_INFOPLIST_FILE = YES;
				INFOPLIST_FILE = "watchOS WatchKit Extension/Info.plist";
				INFOPLIST_KEY_CFBundleDisplayName = "Johanna WatchKit Extension";
				INFOPLIST_KEY_CLKComplicationPrincipalClass = WatchApp_WatchKit_Extension.ComplicationController;
				INFOPLIST_KEY_NSHumanReadableCopyright = "";
				INFOPLIST_KEY_WKRunsIndependentlyOfCompanionApp = YES;
				LD_RUNPATH_SEARCH_PATHS = (
					"$(inherited)",
					"@executable_path/Frameworks",
					"@executable_path/../../Frameworks",
				);
				MARKETING_VERSION = 0.1;
				PRODUCT_BUNDLE_IDENTIFIER = com.dinico.Johanna.watchkitapp.watchkitextension;
				PRODUCT_NAME = "${TARGET_NAME}";
				SDKROOT = watchos;
				SKIP_INSTALL = YES;
				SWIFT_EMIT_LOC_STRINGS = YES;
				SWIFT_VERSION = 5.0;
				TARGETED_DEVICE_FAMILY = 4;
				WATCHOS_DEPLOYMENT_TARGET = 8.3;
			};
			name = Release;
		};
		A17E64D827704E49007917FF /* Debug */ = {
			isa = XCBuildConfiguration;
			buildSettings = {
				ASSETCATALOG_COMPILER_APPICON_NAME = AppIcon;
				ASSETCATALOG_COMPILER_GLOBAL_ACCENT_COLOR_NAME = AccentColor;
				CODE_SIGN_ENTITLEMENTS = macOS/macOS.entitlements;
				CODE_SIGN_STYLE = Automatic;
				COMBINE_HIDPI_IMAGES = YES;
				CURRENT_PROJECT_VERSION = 1;
				DEVELOPMENT_ASSET_PATHS = "\"macOS/Preview Content\"";
				DEVELOPMENT_TEAM = RC8MH6T24Z;
				ENABLE_HARDENED_RUNTIME = YES;
				ENABLE_PREVIEWS = YES;
				GENERATE_INFOPLIST_FILE = YES;
				INFOPLIST_KEY_NSHumanReadableCopyright = "";
				LD_RUNPATH_SEARCH_PATHS = (
					"$(inherited)",
					"@executable_path/../Frameworks",
				);
				MACOSX_DEPLOYMENT_TARGET = 12.1;
				MARKETING_VERSION = 0.1;
				PRODUCT_BUNDLE_IDENTIFIER = com.dinico.Johanna.macOS;
				PRODUCT_NAME = Johanna;
				SDKROOT = macosx;
				SWIFT_EMIT_LOC_STRINGS = YES;
				SWIFT_VERSION = 5.0;
			};
			name = Debug;
		};
		A17E64D927704E49007917FF /* Release */ = {
			isa = XCBuildConfiguration;
			buildSettings = {
				ASSETCATALOG_COMPILER_APPICON_NAME = AppIcon;
				ASSETCATALOG_COMPILER_GLOBAL_ACCENT_COLOR_NAME = AccentColor;
				CODE_SIGN_ENTITLEMENTS = macOS/macOS.entitlements;
				CODE_SIGN_STYLE = Automatic;
				COMBINE_HIDPI_IMAGES = YES;
				CURRENT_PROJECT_VERSION = 1;
				DEVELOPMENT_ASSET_PATHS = "\"macOS/Preview Content\"";
				DEVELOPMENT_TEAM = RC8MH6T24Z;
				ENABLE_HARDENED_RUNTIME = YES;
				ENABLE_PREVIEWS = YES;
				GENERATE_INFOPLIST_FILE = YES;
				INFOPLIST_KEY_NSHumanReadableCopyright = "";
				LD_RUNPATH_SEARCH_PATHS = (
					"$(inherited)",
					"@executable_path/../Frameworks",
				);
				MACOSX_DEPLOYMENT_TARGET = 12.1;
				MARKETING_VERSION = 0.1;
				PRODUCT_BUNDLE_IDENTIFIER = com.dinico.Johanna.macOS;
				PRODUCT_NAME = Johanna;
				SDKROOT = macosx;
				SWIFT_EMIT_LOC_STRINGS = YES;
				SWIFT_VERSION = 5.0;
			};
			name = Release;
		};
		A17E65002770607D007917FF /* Debug */ = {
			isa = XCBuildConfiguration;
			buildSettings = {
				ASSETCATALOG_COMPILER_APPICON_NAME = "App Icon & Top Shelf Image";
				ASSETCATALOG_COMPILER_GLOBAL_ACCENT_COLOR_NAME = AccentColor;
				CODE_SIGN_STYLE = Automatic;
				CURRENT_PROJECT_VERSION = 1;
				DEVELOPMENT_ASSET_PATHS = "\"tvOS/Preview Content\"";
				DEVELOPMENT_TEAM = RC8MH6T24Z;
				ENABLE_PREVIEWS = YES;
				GENERATE_INFOPLIST_FILE = YES;
				INFOPLIST_KEY_UILaunchScreen_Generation = YES;
				INFOPLIST_KEY_UIUserInterfaceStyle = Automatic;
				LD_RUNPATH_SEARCH_PATHS = (
					"$(inherited)",
					"@executable_path/Frameworks",
				);
				MARKETING_VERSION = 0.1;
				PRODUCT_BUNDLE_IDENTIFIER = com.dinico.Johanna.tvOS;
				PRODUCT_NAME = Johanna;
				SDKROOT = appletvos;
				SWIFT_EMIT_LOC_STRINGS = YES;
				SWIFT_VERSION = 5.0;
				TARGETED_DEVICE_FAMILY = 3;
				TVOS_DEPLOYMENT_TARGET = 15.2;
			};
			name = Debug;
		};
		A17E65012770607D007917FF /* Release */ = {
			isa = XCBuildConfiguration;
			buildSettings = {
				ASSETCATALOG_COMPILER_APPICON_NAME = "App Icon & Top Shelf Image";
				ASSETCATALOG_COMPILER_GLOBAL_ACCENT_COLOR_NAME = AccentColor;
				CODE_SIGN_STYLE = Automatic;
				CURRENT_PROJECT_VERSION = 1;
				DEVELOPMENT_ASSET_PATHS = "\"tvOS/Preview Content\"";
				DEVELOPMENT_TEAM = RC8MH6T24Z;
				ENABLE_PREVIEWS = YES;
				GENERATE_INFOPLIST_FILE = YES;
				INFOPLIST_KEY_UILaunchScreen_Generation = YES;
				INFOPLIST_KEY_UIUserInterfaceStyle = Automatic;
				LD_RUNPATH_SEARCH_PATHS = (
					"$(inherited)",
					"@executable_path/Frameworks",
				);
				MARKETING_VERSION = 0.1;
				PRODUCT_BUNDLE_IDENTIFIER = com.dinico.Johanna.tvOS;
				PRODUCT_NAME = Johanna;
				SDKROOT = appletvos;
				SWIFT_EMIT_LOC_STRINGS = YES;
				SWIFT_VERSION = 5.0;
				TARGETED_DEVICE_FAMILY = 3;
				TVOS_DEPLOYMENT_TARGET = 15.2;
			};
			name = Release;
		};
/* End XCBuildConfiguration section */

/* Begin XCConfigurationList section */
		A17E63F8276F0848007917FF /* Build configuration list for PBXProject "Johanna" */ = {
			isa = XCConfigurationList;
			buildConfigurations = (
				A17E6409276F0849007917FF /* Debug */,
				A17E640A276F0849007917FF /* Release */,
			);
			defaultConfigurationIsVisible = 0;
			defaultConfigurationName = Release;
		};
		A17E640B276F0849007917FF /* Build configuration list for PBXNativeTarget "iOS" */ = {
			isa = XCConfigurationList;
			buildConfigurations = (
				A17E640C276F0849007917FF /* Debug */,
				A17E640D276F0849007917FF /* Release */,
			);
			defaultConfigurationIsVisible = 0;
			defaultConfigurationName = Release;
		};
		A17E64B8276F1AFE007917FF /* Build configuration list for PBXNativeTarget "watchOS WatchKit Extension" */ = {
			isa = XCConfigurationList;
			buildConfigurations = (
				A17E64B6276F1AFE007917FF /* Debug */,
				A17E64B7276F1AFE007917FF /* Release */,
			);
			defaultConfigurationIsVisible = 0;
			defaultConfigurationName = Release;
		};
		A17E64B9276F1AFE007917FF /* Build configuration list for PBXNativeTarget "watchOS" */ = {
			isa = XCConfigurationList;
			buildConfigurations = (
				A17E64B3276F1AFE007917FF /* Debug */,
				A17E64B4276F1AFE007917FF /* Release */,
			);
			defaultConfigurationIsVisible = 0;
			defaultConfigurationName = Release;
		};
		A17E64DA27704E49007917FF /* Build configuration list for PBXNativeTarget "macOS" */ = {
			isa = XCConfigurationList;
			buildConfigurations = (
				A17E64D827704E49007917FF /* Debug */,
				A17E64D927704E49007917FF /* Release */,
			);
			defaultConfigurationIsVisible = 0;
			defaultConfigurationName = Release;
		};
		A17E65022770607D007917FF /* Build configuration list for PBXNativeTarget "tvOS" */ = {
			isa = XCConfigurationList;
			buildConfigurations = (
				A17E65002770607D007917FF /* Debug */,
				A17E65012770607D007917FF /* Release */,
			);
			defaultConfigurationIsVisible = 0;
			defaultConfigurationName = Release;
		};
/* End XCConfigurationList section */
	};
	rootObject = A17E63F5276F0848007917FF /* Project object */;
}
